# This file is automatically generated by Poetry 1.8.0 and should be checked into version control.
[[package]]
name = "fastapi"
version = "0.109.2"
description = "FastAPI framework, high performance, easy to learn, fast to code, ready for production"
optional = false
python-versions = ">=3.8"
files = []

[[package]]
name = "pydantic"
version = "2.6.1"
description = "Data validation using Python type hints"
optional = false
python-versions = ">=3.8"
files = []

[[package]]
name = "uvicorn"
version = "0.27.1"
description = "The lightning-fast ASGI server."
optional = false
python-versions = ">=3.8"
files = []

[[package]]
name = "websockets"
version = "12.0"
description = "An implementation of the WebSocket Protocol (RFC 6455 & 7692)"
optional = false
python-versions = ">=3.8"
files = []

[[package]]
name = "numpy"
version = "1.26.4"
description = "Fundamental package for scientific computing with Python"
optional = false
python-versions = ">=3.9"
files = []

[metadata]
lock-version = "2.0"
python-versions = "^3.10"
content-hash = "c1a2b3c4d5e6f7a8b9c0d1e2f3a4b5c6d7e8f9a0b1c2d3e4f5a6b7c8d9e0f1a2"
